{
  "name": "lesson5npm",
  "version": "1.0.0",
  "lockfileVersion": 1,
  "requires": true,
  "dependencies": {
    "random-fruits-name": {
      "version": "1.9.0",
      "resolved": "https://registry.npmjs.org/random-fruits-name/-/random-fruits-name-1.9.0.tgz",
      "integrity": "sha512-PfGiEx2ML50QceEXcHvoZREjN0R8igzWaawwnW9EdgUTSNl/Zwf8wltZlKJDAUKk0p+2uLAhPIe6woE4RblrlA=="
    }
  }
}
